
Microsoft Visual Studio Solution File, Format Version 12.00
# Visual Studio Version 17
VisualStudioVersion = 17.6.33723.286
MinimumVisualStudioVersion = 10.0.40219.1
Project("{FAE04EC0-301F-11D3-BF4B-00C04F79EFBC}") = "Home_task_13_1", "Home_task_13_1.csproj", "{EEDA7E15-CE8E-4C79-B9E6-2DDCCA908E60}"
EndProject
Global
	GlobalSection(SolutionConfigurationPlatforms) = preSolution
		Debug|Any CPU = Debug|Any CPU
		Release|Any CPU = Release|Any CPU
	EndGlobalSection
	GlobalSection(ProjectConfigurationPlatforms) = postSolution
		{EEDA7E15-CE8E-4C79-B9E6-2DDCCA908E60}.Debug|Any CPU.ActiveCfg = Debug|Any CPU
		{EEDA7E15-CE8E-4C79-B9E6-2DDCCA908E60}.Debug|Any CPU.Build.0 = Debug|Any CPU
		{EEDA7E15-CE8E-4C79-B9E6-2DDCCA908E60}.Release|Any CPU.ActiveCfg = Release|Any CPU
		{EEDA7E15-CE8E-4C79-B9E6-2DDCCA908E60}.Release|Any CPU.Build.0 = Release|Any CPU
	EndGlobalSection
	GlobalSection(SolutionProperties) = preSolution
		HideSolutionNode = FALSE
	EndGlobalSection
	GlobalSection(ExtensibilityGlobals) = postSolution
		SolutionGuid = {1806C5D3-1DB4-4369-9DC1-665DB22EF7BB}
	EndGlobalSection
EndGlobal
