
Microsoft Visual Studio Solution File, Format Version 12.00
# Visual Studio Version 17
VisualStudioVersion = 17.1.32421.90
MinimumVisualStudioVersion = 10.0.40219.1
Project("{FAE04EC0-301F-11D3-BF4B-00C04F79EFBC}") = "Home_task_5_2", "Home_task_5_2.csproj", "{811618A6-D9E3-485C-9CA2-01353D327131}"
EndProject
Global
	GlobalSection(SolutionConfigurationPlatforms) = preSolution
		Debug|Any CPU = Debug|Any CPU
		Release|Any CPU = Release|Any CPU
	EndGlobalSection
	GlobalSection(ProjectConfigurationPlatforms) = postSolution
		{811618A6-D9E3-485C-9CA2-01353D327131}.Debug|Any CPU.ActiveCfg = Debug|Any CPU
		{811618A6-D9E3-485C-9CA2-01353D327131}.Debug|Any CPU.Build.0 = Debug|Any CPU
		{811618A6-D9E3-485C-9CA2-01353D327131}.Release|Any CPU.ActiveCfg = Release|Any CPU
		{811618A6-D9E3-485C-9CA2-01353D327131}.Release|Any CPU.Build.0 = Release|Any CPU
	EndGlobalSection
	GlobalSection(SolutionProperties) = preSolution
		HideSolutionNode = FALSE
	EndGlobalSection
	GlobalSection(ExtensibilityGlobals) = postSolution
		SolutionGuid = {CDFC787C-C28F-4020-B27C-1D44B1E03CC8}
	EndGlobalSection
EndGlobal
