
Microsoft Visual Studio Solution File, Format Version 12.00
# Visual Studio Version 17
VisualStudioVersion = 17.1.32421.90
MinimumVisualStudioVersion = 10.0.40219.1
Project("{FAE04EC0-301F-11D3-BF4B-00C04F79EFBC}") = "Home_task_6_2", "Home_task_6_2.csproj", "{C5418320-B4AC-4957-8D70-EE4501EF24F4}"
EndProject
Global
	GlobalSection(SolutionConfigurationPlatforms) = preSolution
		Debug|Any CPU = Debug|Any CPU
		Release|Any CPU = Release|Any CPU
	EndGlobalSection
	GlobalSection(ProjectConfigurationPlatforms) = postSolution
		{C5418320-B4AC-4957-8D70-EE4501EF24F4}.Debug|Any CPU.ActiveCfg = Debug|Any CPU
		{C5418320-B4AC-4957-8D70-EE4501EF24F4}.Debug|Any CPU.Build.0 = Debug|Any CPU
		{C5418320-B4AC-4957-8D70-EE4501EF24F4}.Release|Any CPU.ActiveCfg = Release|Any CPU
		{C5418320-B4AC-4957-8D70-EE4501EF24F4}.Release|Any CPU.Build.0 = Release|Any CPU
	EndGlobalSection
	GlobalSection(SolutionProperties) = preSolution
		HideSolutionNode = FALSE
	EndGlobalSection
	GlobalSection(ExtensibilityGlobals) = postSolution
		SolutionGuid = {1D6A0E27-16D5-471B-95B7-E8DB21B9A93F}
	EndGlobalSection
EndGlobal
