
Microsoft Visual Studio Solution File, Format Version 12.00
# Visual Studio Version 17
VisualStudioVersion = 17.6.33723.286
MinimumVisualStudioVersion = 10.0.40219.1
Project("{FAE04EC0-301F-11D3-BF4B-00C04F79EFBC}") = "Home_task_11_1", "Home_task_11_1.csproj", "{0A952A3E-06C0-4EE3-848F-6E51D1BA79A6}"
EndProject
Global
	GlobalSection(SolutionConfigurationPlatforms) = preSolution
		Debug|Any CPU = Debug|Any CPU
		Release|Any CPU = Release|Any CPU
	EndGlobalSection
	GlobalSection(ProjectConfigurationPlatforms) = postSolution
		{0A952A3E-06C0-4EE3-848F-6E51D1BA79A6}.Debug|Any CPU.ActiveCfg = Debug|Any CPU
		{0A952A3E-06C0-4EE3-848F-6E51D1BA79A6}.Debug|Any CPU.Build.0 = Debug|Any CPU
		{0A952A3E-06C0-4EE3-848F-6E51D1BA79A6}.Release|Any CPU.ActiveCfg = Release|Any CPU
		{0A952A3E-06C0-4EE3-848F-6E51D1BA79A6}.Release|Any CPU.Build.0 = Release|Any CPU
	EndGlobalSection
	GlobalSection(SolutionProperties) = preSolution
		HideSolutionNode = FALSE
	EndGlobalSection
	GlobalSection(ExtensibilityGlobals) = postSolution
		SolutionGuid = {771A6362-9888-4A4F-86AB-0D1A82742C68}
	EndGlobalSection
EndGlobal
